
Microsoft Visual Studio Solution File, Format Version 12.00
# Visual Studio Version 17
VisualStudioVersion = 17.11.35431.28
MinimumVisualStudioVersion = 10.0.40219.1
Project("{FAE04EC0-301F-11D3-BF4B-00C04F79EFBC}") = "TaskManagementAPI", "TaskManagementAPI\TaskManagementAPI.csproj", "{9601557A-A56F-45DE-842D-A5F12FA541EF}"
EndProject
Project("{FAE04EC0-301F-11D3-BF4B-00C04F79EFBC}") = "Model", "Model\Model.csproj", "{C499297B-5596-4958-B3EA-214342B7E51F}"
EndProject
Project("{FAE04EC0-301F-11D3-BF4B-00C04F79EFBC}") = "Infrastructure", "Infrastructure\Infrastructure.csproj", "{9EFAE6D4-7671-422E-BADE-3CCFA901471C}"
EndProject
Global
	GlobalSection(SolutionConfigurationPlatforms) = preSolution
		Debug|Any CPU = Debug|Any CPU
		Release|Any CPU = Release|Any CPU
	EndGlobalSection
	GlobalSection(ProjectConfigurationPlatforms) = postSolution
		{9601557A-A56F-45DE-842D-A5F12FA541EF}.Debug|Any CPU.ActiveCfg = Debug|Any CPU
		{9601557A-A56F-45DE-842D-A5F12FA541EF}.Debug|Any CPU.Build.0 = Debug|Any CPU
		{9601557A-A56F-45DE-842D-A5F12FA541EF}.Release|Any CPU.ActiveCfg = Release|Any CPU
		{9601557A-A56F-45DE-842D-A5F12FA541EF}.Release|Any CPU.Build.0 = Release|Any CPU
		{C499297B-5596-4958-B3EA-214342B7E51F}.Debug|Any CPU.ActiveCfg = Debug|Any CPU
		{C499297B-5596-4958-B3EA-214342B7E51F}.Debug|Any CPU.Build.0 = Debug|Any CPU
		{C499297B-5596-4958-B3EA-214342B7E51F}.Release|Any CPU.ActiveCfg = Release|Any CPU
		{C499297B-5596-4958-B3EA-214342B7E51F}.Release|Any CPU.Build.0 = Release|Any CPU
		{9EFAE6D4-7671-422E-BADE-3CCFA901471C}.Debug|Any CPU.ActiveCfg = Debug|Any CPU
		{9EFAE6D4-7671-422E-BADE-3CCFA901471C}.Debug|Any CPU.Build.0 = Debug|Any CPU
		{9EFAE6D4-7671-422E-BADE-3CCFA901471C}.Release|Any CPU.ActiveCfg = Release|Any CPU
		{9EFAE6D4-7671-422E-BADE-3CCFA901471C}.Release|Any CPU.Build.0 = Release|Any CPU
	EndGlobalSection
	GlobalSection(SolutionProperties) = preSolution
		HideSolutionNode = FALSE
	EndGlobalSection
	GlobalSection(ExtensibilityGlobals) = postSolution
		SolutionGuid = {FC7AFB6A-E554-4B08-B0AA-A6AFAA4F6072}
	EndGlobalSection
EndGlobal
